# This file is automatically @generated by Cargo.
# It is not intended for manual editing.
version = 4

[[package]]
name = "adler2"
version = "2.0.1"
source = "registry+https://github.com/rust-lang/crates.io-index"
checksum = "320119579fcad9c21884f5c4861d16174d0e06250625266f50fe6898340abefa"

[[package]]
name = "anstream"
version = "1.0.0"
source = "registry+https://github.com/rust-lang/crates.io-index"
checksum = "824a212faf96e9acacdbd09febd34438f8f711fb84e09a8916013cd7815ca28d"
dependencies = [
 "anstyle",
 "anstyle-parse",
 "anstyle-query",
 "anstyle-wincon",
 "colorchoice",
 "is_terminal_polyfill",
 "utf8parse",
]

[[package]]
name = "anstyle"
version = "1.0.14"
source = "registry+https://github.com/rust-lang/crates.io-index"
checksum = "940b3a0ca603d1eade50a4846a2afffd5ef57a9feac2c0e2ec2e14f9ead76000"

[[package]]
name = "anstyle-parse"
version = "1.0.0"
source = "registry+https://github.com/rust-lang/crates.io-index"
checksum = "52ce7f38b242319f7cabaa6813055467063ecdc9d355bbb4ce0c68908cd8130e"
dependencies = [
 "utf8parse",
]

[[package]]
name = "anstyle-query"
version = "1.1.5"
source = "registry+https://github.com/rust-lang/crates.io-index"
checksum = "40c48f72fd53cd289104fc64099abca73db4166ad86ea0b4341abe65af83dadc"
dependencies = [
 "windows-sys 0.61.2",
]

[[package]]
name = "anstyle-wincon"
version = "3.0.11"
source = "registry+https://github.com/rust-lang/crates.io-index"
checksum = "291e6a250ff86cd4a820112fb8898808a366d8f9f58ce16d1f538353ad55747d"
dependencies = [
 "anstyle",
 "once_cell_polyfill",
 "windows-sys 0.61.2",
]

[[package]]
name = "anyhow"
version = "1.0.102"
source = "registry+https://github.com/rust-lang/crates.io-index"
checksum = "7f202df86484c868dbad7eaa557ef785d5c66295e41b460ef922eca0723b842c"

[[package]]
name = "askama"
version = "0.12.1"
source = "registry+https://github.com/rust-lang/crates.io-index"
checksum = "b79091df18a97caea757e28cd2d5fda49c6cd4bd01ddffd7ff01ace0c0ad2c28"
dependencies = [
 "askama_derive",
 "askama_escape",
 "humansize",
 "num-traits",
 "percent-encoding",
]

[[package]]
name = "askama_derive"
version = "0.12.5"
source = "registry+https://github.com/rust-lang/crates.io-index"
checksum = "19fe8d6cb13c4714962c072ea496f3392015f0989b1a2847bb4b2d9effd71d83"
dependencies = [
 "askama_parser",
 "basic-toml",
 "mime",
 "mime_guess",
 "proc-macro2",
 "quote",
 "serde",
 "syn",
]

[[package]]
name = "askama_escape"
version = "0.10.3"
source = "registry+https://github.com/rust-lang/crates.io-index"
checksum = "619743e34b5ba4e9703bba34deac3427c72507c7159f5fd030aea8cac0cfe341"

[[package]]
name = "askama_parser"
version = "0.2.1"
source = "registry+https://github.com/rust-lang/crates.io-index"
checksum = "acb1161c6b64d1c3d83108213c2a2533a342ac225aabd0bda218278c2ddb00c0"
dependencies = [
 "nom",
]

[[package]]
name = "async-lock"
version = "3.4.2"
source = "registry+https://github.com/rust-lang/crates.io-index"
checksum = "290f7f2596bd5b78a9fec8088ccd89180d7f9f55b94b0576823bbbdc72ee8311"
dependencies = [
 "event-listener",
 "event-listener-strategy",
 "pin-project-lite",
]

[[package]]
name = "async-trait"
version = "0.1.89"
source = "registry+https://github.com/rust-lang/crates.io-index"
checksum = "9035ad2d096bed7955a320ee7e2230574d28fd3c3a0f186cbea1ff3c7eed5dbb"
dependencies = [
 "proc-macro2",
 "quote",
 "syn",
]

[[package]]
name = "autocfg"
version = "1.5.0"
source = "registry+https://github.com/rust-lang/crates.io-index"
checksum = "c08606f8c3cbf4ce6ec8e28fb0014a2c086708fe954eaa885384a6165172e7e8"

[[package]]
name = "axum"
version = "0.6.20"
source = "registry+https://github.com/rust-lang/crates.io-index"
checksum = "3b829e4e32b91e643de6eafe82b1d90675f5874230191a4ffbc1b336dec4d6bf"
dependencies = [
 "async-trait",
 "axum-core",
 "bitflags 1.3.2",
 "bytes",
 "futures-util",
 "http",
 "http-body",
 "hyper",
 "itoa",
 "matchit",
 "memchr",
 "mime",
 "percent-encoding",
 "pin-project-lite",
 "rustversion",
 "serde",
 "serde_json",
 "serde_path_to_error",
 "serde_urlencoded",
 "sync_wrapper",
 "tokio",
 "tower",
 "tower-layer",
 "tower-service",
]

[[package]]
name = "axum-core"
version = "0.3.4"
source = "registry+https://github.com/rust-lang/crates.io-index"
checksum = "759fa577a247914fd3f7f76d62972792636412fbfd634cd452f6a385a74d2d2c"
dependencies = [
 "async-trait",
 "bytes",
 "futures-util",
 "http",
 "http-body",
 "mime",
 "rustversion",
 "tower-layer",
 "tower-service",
]

[[package]]
name = "base64"
version = "0.21.7"
source = "registry+https://github.com/rust-lang/crates.io-index"
checksum = "9d297deb1925b89f2ccc13d7635fa0714f12c87adce1c75356b39ca9b7178567"

[[package]]
name = "basic-toml"
version = "0.1.10"
source = "registry+https://github.com/rust-lang/crates.io-index"
checksum = "ba62675e8242a4c4e806d12f11d136e626e6c8361d6b829310732241652a178a"
dependencies = [
 "serde",
]

[[package]]
name = "bitflags"
version = "1.3.2"
source = "registry+https://github.com/rust-lang/crates.io-index"
checksum = "bef38d45163c2f1dde094a7dfd33ccf595c92905c8f8f4fdc18d06fb1037718a"

[[package]]
name = "bitflags"
version = "2.11.0"
source = "registry+https://github.com/rust-lang/crates.io-index"
checksum = "843867be96c8daad0d758b57df9392b6d8d271134fce549de6ce169ff98a92af"
dependencies = [
 "serde_core",
]

[[package]]
name = "bumpalo"
version = "3.20.2"
source = "registry+https://github.com/rust-lang/crates.io-index"
checksum = "5d20789868f4b01b2f2caec9f5c4e0213b41e3e5702a50157d699ae31ced2fcb"

[[package]]
name = "bytemuck"
version = "1.25.0"
source = "registry+https://github.com/rust-lang/crates.io-index"
checksum = "c8efb64bd706a16a1bdde310ae86b351e4d21550d98d056f22f8a7f7a2183fec"

[[package]]
name = "byteorder-lite"
version = "0.1.0"
source = "registry+https://github.com/rust-lang/crates.io-index"
checksum = "8f1fe948ff07f4bd06c30984e69f5b4899c516a3ef74f34df92a2df2ab535495"

[[package]]
name = "bytes"
version = "1.11.1"
source = "registry+https://github.com/rust-lang/crates.io-index"
checksum = "1e748733b7cbc798e1434b6ac524f0c1ff2ab456fe201501e6497c8417a4fc33"

[[package]]
name = "cfg-if"
version = "1.0.4"
source = "registry+https://github.com/rust-lang/crates.io-index"
checksum = "9330f8b2ff13f34540b44e946ef35111825727b38d33286ef986142615121801"

[[package]]
name = "clap"
version = "4.6.0"
source = "registry+https://github.com/rust-lang/crates.io-index"
checksum = "b193af5b67834b676abd72466a96c1024e6a6ad978a1f484bd90b85c94041351"
dependencies = [
 "clap_builder",
 "clap_derive",
]

[[package]]
name = "clap_builder"
version = "4.6.0"
source = "registry+https://github.com/rust-lang/crates.io-index"
checksum = "714a53001bf66416adb0e2ef5ac857140e7dc3a0c48fb28b2f10762fc4b5069f"
dependencies = [
 "anstream",
 "anstyle",
 "clap_lex",
 "strsim",
]

[[package]]
name = "clap_derive"
version = "4.6.0"
source = "registry+https://github.com/rust-lang/crates.io-index"
checksum = "1110bd8a634a1ab8cb04345d8d878267d57c3cf1b38d91b71af6686408bbca6a"
dependencies = [
 "heck",
 "proc-macro2",
 "quote",
 "syn",
]

[[package]]
name = "clap_lex"
version = "1.1.0"
source = "registry+https://github.com/rust-lang/crates.io-index"
checksum = "c8d4a3bb8b1e0c1050499d1815f5ab16d04f0959b233085fb31653fbfc9d98f9"

[[package]]
name = "colorchoice"
version = "1.0.5"
source = "registry+https://github.com/rust-lang/crates.io-index"
checksum = "1d07550c9036bf2ae0c684c4297d503f838287c83c53686d05370d0e139ae570"

[[package]]
name = "concurrent-queue"
version = "2.5.0"
source = "registry+https://github.com/rust-lang/crates.io-index"
checksum = "4ca0197aee26d1ae37445ee532fefce43251d24cc7c166799f4d46817f1d3973"
dependencies = [
 "crossbeam-utils",
]

[[package]]
name = "crc32fast"
version = "1.5.0"
source = "registry+https://github.com/rust-lang/crates.io-index"
checksum = "9481c1c90cbf2ac953f07c8d4a58aa3945c425b7185c9154d67a65e4230da511"
dependencies = [
 "cfg-if",
]

[[package]]
name = "crossbeam-channel"
version = "0.5.15"
source = "registry+https://github.com/rust-lang/crates.io-index"
checksum = "82b8f8f868b36967f9606790d1903570de9ceaf870a7bf9fbbd3016d636a2cb2"
dependencies = [
 "crossbeam-utils",
]

[[package]]
name = "crossbeam-epoch"
version = "0.9.18"
source = "registry+https://github.com/rust-lang/crates.io-index"
checksum = "5b82ac4a3c2ca9c3460964f020e1402edd5753411d7737aa39c3714ad1b5420e"
dependencies = [
 "crossbeam-utils",
]

[[package]]
name = "crossbeam-utils"
version = "0.8.21"
source = "registry+https://github.com/rust-lang/crates.io-index"
checksum = "d0a5c400df2834b80a4c3327b3aad3a4c4cd4de0629063962b03235697506a28"

[[package]]
name = "equivalent"
version = "1.0.2"
source = "registry+https://github.com/rust-lang/crates.io-index"
checksum = "877a4ace8713b0bcf2a4e7eec82529c029f1d0619886d18145fea96c3ffe5c0f"

[[package]]
name = "errno"
version = "0.3.14"
source = "registry+https://github.com/rust-lang/crates.io-index"
checksum = "39cab71617ae0d63f51a36d69f866391735b51691dbda63cf6f96d042b63efeb"
dependencies = [
 "libc",
 "windows-sys 0.61.2",
]

[[package]]
name = "event-listener"
version = "5.4.1"
source = "registry+https://github.com/rust-lang/crates.io-index"
checksum = "e13b66accf52311f30a0db42147dadea9850cb48cd070028831ae5f5d4b856ab"
dependencies = [
 "concurrent-queue",
 "parking",
 "pin-project-lite",
]

[[package]]
name = "event-listener-strategy"
version = "0.5.4"
source = "registry+https://github.com/rust-lang/crates.io-index"
checksum = "8be9f3dfaaffdae2972880079a491a1a8bb7cbed0b8dd7a347f668b4150a3b93"
dependencies = [
 "event-listener",
 "pin-project-lite",
]

[[package]]
name = "fdeflate"
version = "0.3.7"
source = "registry+https://github.com/rust-lang/crates.io-index"
checksum = "1e6853b52649d4ac5c0bd02320cddc5ba956bdb407c4b75a2c6b75bf51500f8c"
dependencies = [
 "simd-adler32",
]

[[package]]
name = "flate2"
version = "1.1.9"
source = "registry+https://github.com/rust-lang/crates.io-index"
checksum = "843fba2746e448b37e26a819579957415c8cef339bf08564fe8b7ddbd959573c"
dependencies = [
 "crc32fast",
 "miniz_oxide",
]

[[package]]
name = "fnv"
version = "1.0.7"
source = "registry+https://github.com/rust-lang/crates.io-index"
checksum = "3f9eec918d3f24069decb9af1554cad7c880e2da24a9afd88aca000531ab82c1"

[[package]]
name = "foldhash"
version = "0.1.5"
source = "registry+https://github.com/rust-lang/crates.io-index"
checksum = "d9c4f5dac5e15c24eb999c26181a6ca40b39fe946cbe4c263c7209467bc83af2"

[[package]]
name = "form_urlencoded"
version = "1.2.2"
source = "registry+https://github.com/rust-lang/crates.io-index"
checksum = "cb4cb245038516f5f85277875cdaa4f7d2c9a0fa0468de06ed190163b1581fcf"
dependencies = [
 "percent-encoding",
]

[[package]]
name = "futures"
version = "0.3.32"
source = "registry+https://github.com/rust-lang/crates.io-index"
checksum = "8b147ee9d1f6d097cef9ce628cd2ee62288d963e16fb287bd9286455b241382d"
dependencies = [
 "futures-channel",
 "futures-core",
 "futures-executor",
 "futures-io",
 "futures-sink",
 "futures-task",
 "futures-util",
]

[[package]]
name = "futures-channel"
version = "0.3.32"
source = "registry+https://github.com/rust-lang/crates.io-index"
checksum = "07bbe89c50d7a535e539b8c17bc0b49bdb77747034daa8087407d655f3f7cc1d"
dependencies = [
 "futures-core",
 "futures-sink",
]

[[package]]
name = "futures-core"
version = "0.3.32"
source = "registry+https://github.com/rust-lang/crates.io-index"
checksum = "7e3450815272ef58cec6d564423f6e755e25379b217b0bc688e295ba24df6b1d"

[[package]]
name = "futures-executor"
version = "0.3.32"
source = "registry+https://github.com/rust-lang/crates.io-index"
checksum = "baf29c38818342a3b26b5b923639e7b1f4a61fc5e76102d4b1981c6dc7a7579d"
dependencies = [
 "futures-core",
 "futures-task",
 "futures-util",
]

[[package]]
name = "futures-io"
version = "0.3.32"
source = "registry+https://github.com/rust-lang/crates.io-index"
checksum = "cecba35d7ad927e23624b22ad55235f2239cfa44fd10428eecbeba6d6a717718"

[[package]]
name = "futures-macro"
version = "0.3.32"
source = "registry+https://github.com/rust-lang/crates.io-index"
checksum = "e835b70203e41293343137df5c0664546da5745f82ec9b84d40be8336958447b"
dependencies = [
 "proc-macro2",
 "quote",
 "syn",
]

[[package]]
name = "futures-sink"
version = "0.3.32"
source = "registry+https://github.com/rust-lang/crates.io-index"
checksum = "c39754e157331b013978ec91992bde1ac089843443c49cbc7f46150b0fad0893"

[[package]]
name = "futures-task"
version = "0.3.32"
source = "registry+https://github.com/rust-lang/crates.io-index"
checksum = "037711b3d59c33004d3856fbdc83b99d4ff37a24768fa1be9ce3538a1cde4393"

[[package]]
name = "futures-util"
version = "0.3.32"
source = "registry+https://github.com/rust-lang/crates.io-index"
checksum = "389ca41296e6190b48053de0321d02a77f32f8a5d2461dd38762c0593805c6d6"
dependencies = [
 "futures-channel",
 "futures-core",
 "futures-io",
 "futures-macro",
 "futures-sink",
 "futures-task",
 "memchr",
 "pin-project-lite",
 "slab",
]

[[package]]
name = "getrandom"
version = "0.4.2"
source = "registry+https://github.com/rust-lang/crates.io-index"
checksum = "0de51e6874e94e7bf76d726fc5d13ba782deca734ff60d5bb2fb2607c7406555"
dependencies = [
 "cfg-if",
 "libc",
 "r-efi",
 "wasip2",
 "wasip3",
]

[[package]]
name = "hashbrown"
version = "0.15.5"
source = "registry+https://github.com/rust-lang/crates.io-index"
checksum = "9229cfe53dfd69f0609a49f65461bd93001ea1ef889cd5529dd176593f5338a1"
dependencies = [
 "foldhash",
]

[[package]]
name = "hashbrown"
version = "0.16.1"
source = "registry+https://github.com/rust-lang/crates.io-index"
checksum = "841d1cc9bed7f9236f321df977030373f4a4163ae1a7dbfe1a51a2c1a51d9100"

[[package]]
name = "heck"
version = "0.5.0"
source = "registry+https://github.com/rust-lang/crates.io-index"
checksum = "2304e00983f87ffb38b55b444b5e3b60a884b5d30c0fca7d82fe33449bbe55ea"

[[package]]
name = "hex"
version = "0.4.3"
source = "registry+https://github.com/rust-lang/crates.io-index"
checksum = "7f24254aa9a54b5c858eaee2f5bccdb46aaf0e486a595ed5fd8f86ba55232a70"

[[package]]
name = "http"
version = "0.2.12"
source = "registry+https://github.com/rust-lang/crates.io-index"
checksum = "601cbb57e577e2f5ef5be8e7b83f0f63994f25aa94d673e54a92d5c516d101f1"
dependencies = [
 "bytes",
 "fnv",
 "itoa",
]

[[package]]
name = "http-body"
version = "0.4.6"
source = "registry+https://github.com/rust-lang/crates.io-index"
checksum = "7ceab25649e9960c0311ea418d17bee82c0dcec1bd053b5f9a66e265a693bed2"
dependencies = [
 "bytes",
 "http",
 "pin-project-lite",
]

[[package]]
name = "httparse"
version = "1.10.1"
source = "registry+https://github.com/rust-lang/crates.io-index"
checksum = "6dbf3de79e51f3d586ab4cb9d5c3e2c14aa28ed23d180cf89b4df0454a69cc87"

[[package]]
name = "httpdate"
version = "1.0.3"
source = "registry+https://github.com/rust-lang/crates.io-index"
checksum = "df3b46402a9d5adb4c86a0cf463f42e19994e3ee891101b1841f30a545cb49a9"

[[package]]
name = "humansize"
version = "2.1.3"
source = "registry+https://github.com/rust-lang/crates.io-index"
checksum = "6cb51c9a029ddc91b07a787f1d86b53ccfa49b0e86688c946ebe8d3555685dd7"
dependencies = [
 "libm",
]

[[package]]
name = "hyper"
version = "0.14.32"
source = "registry+https://github.com/rust-lang/crates.io-index"
checksum = "41dfc780fdec9373c01bae43289ea34c972e40ee3c9f6b3c8801a35f35586ce7"
dependencies = [
 "bytes",
 "futures-channel",
 "futures-core",
 "futures-util",
 "http",
 "http-body",
 "httparse",
 "httpdate",
 "itoa",
 "pin-project-lite",
 "socket2 0.5.10",
 "tokio",
 "tower-service",
 "tracing",
 "want",
]

[[package]]
name = "hyperlocal"
version = "0.8.0"
source = "registry+https://github.com/rust-lang/crates.io-index"
checksum = "0fafdf7b2b2de7c9784f76e02c0935e65a8117ec3b768644379983ab333ac98c"
dependencies = [
 "futures-util",
 "hex",
 "hyper",
 "pin-project",
 "tokio",
]

[[package]]
name = "id-arena"
version = "2.3.0"
source = "registry+https://github.com/rust-lang/crates.io-index"
checksum = "3d3067d79b975e8844ca9eb072e16b31c3c1c36928edf9c6789548c524d0d954"

[[package]]
name = "image"
version = "0.25.10"
source = "registry+https://github.com/rust-lang/crates.io-index"
checksum = "85ab80394333c02fe689eaf900ab500fbd0c2213da414687ebf995a65d5a6104"
dependencies = [
 "bytemuck",
 "byteorder-lite",
 "moxcms",
 "num-traits",
 "png",
 "zune-core",
 "zune-jpeg",
]

[[package]]
name = "indexmap"
version = "2.13.0"
source = "registry+https://github.com/rust-lang/crates.io-index"
checksum = "7714e70437a7dc3ac8eb7e6f8df75fd8eb422675fc7678aff7364301092b1017"
dependencies = [
 "equivalent",
 "hashbrown 0.16.1",
 "serde",
 "serde_core",
]

[[package]]
name = "is_terminal_polyfill"
version = "1.70.2"
source = "registry+https://github.com/rust-lang/crates.io-index"
checksum = "a6cb138bb79a146c1bd460005623e142ef0181e3d0219cb493e02f7d08a35695"

[[package]]
name = "itoa"
version = "1.0.18"
source = "registry+https://github.com/rust-lang/crates.io-index"
checksum = "8f42a60cbdf9a97f5d2305f08a87dc4e09308d1276d28c869c684d7777685682"

[[package]]
name = "js-sys"
version = "0.3.94"
source = "registry+https://github.com/rust-lang/crates.io-index"
checksum = "2e04e2ef80ce82e13552136fabeef8a5ed1f985a96805761cbb9a2c34e7664d9"
dependencies = [
 "once_cell",
 "wasm-bindgen",
]

[[package]]
name = "lazy_static"
version = "1.5.0"
source = "registry+https://github.com/rust-lang/crates.io-index"
checksum = "bbd2bcb4c963f2ddae06a2efc7e9f3591312473c50c6685e1f298068316e66fe"

[[package]]
name = "leb128fmt"
version = "0.1.0"
source = "registry+https://github.com/rust-lang/crates.io-index"
checksum = "09edd9e8b54e49e587e4f6295a7d29c3ea94d469cb40ab8ca70b288248a81db2"

[[package]]
name = "libc"
version = "0.2.184"
source = "registry+https://github.com/rust-lang/crates.io-index"
checksum = "48f5d2a454e16a5ea0f4ced81bd44e4cfc7bd3a507b61887c99fd3538b28e4af"

[[package]]
name = "libm"
version = "0.2.16"
source = "registry+https://github.com/rust-lang/crates.io-index"
checksum = "b6d2cec3eae94f9f509c767b45932f1ada8350c4bdb85af2fcab4a3c14807981"

[[package]]
name = "lock_api"
version = "0.4.14"
source = "registry+https://github.com/rust-lang/crates.io-index"
checksum = "224399e74b87b5f3557511d98dff8b14089b3dadafcab6bb93eab67d3aace965"
dependencies = [
 "scopeguard",
]

[[package]]
name = "log"
version = "0.4.29"
source = "registry+https://github.com/rust-lang/crates.io-index"
checksum = "5e5032e24019045c762d3c0f28f5b6b8bbf38563a65908389bf7978758920897"

[[package]]
name = "matchit"
version = "0.7.3"
source = "registry+https://github.com/rust-lang/crates.io-index"
checksum = "0e7465ac9959cc2b1404e8e2367b43684a6d13790fe23056cc8c6c5a6b7bcb94"

[[package]]
name = "memchr"
version = "2.8.0"
source = "registry+https://github.com/rust-lang/crates.io-index"
checksum = "f8ca58f447f06ed17d5fc4043ce1b10dd205e060fb3ce5b979b8ed8e59ff3f79"

[[package]]
name = "mime"
version = "0.3.17"
source = "registry+https://github.com/rust-lang/crates.io-index"
checksum = "6877bb514081ee2a7ff5ef9de3281f14a4dd4bceac4c09388074a6b5df8a139a"

[[package]]
name = "mime_guess"
version = "2.0.5"
source = "registry+https://github.com/rust-lang/crates.io-index"
checksum = "f7c44f8e672c00fe5308fa235f821cb4198414e1c77935c1ab6948d3fd78550e"
dependencies = [
 "mime",
 "unicase",
]

[[package]]
name = "minimal-lexical"
version = "0.2.1"
source = "registry+https://github.com/rust-lang/crates.io-index"
checksum = "68354c5c6bd36d73ff3feceb05efa59b6acb7626617f4962be322a825e61f79a"

[[package]]
name = "miniz_oxide"
version = "0.8.9"
source = "registry+https://github.com/rust-lang/crates.io-index"
checksum = "1fa76a2c86f704bdb222d66965fb3d63269ce38518b83cb0575fca855ebb6316"
dependencies = [
 "adler2",
 "simd-adler32",
]

[[package]]
name = "mio"
version = "1.2.0"
source = "registry+https://github.com/rust-lang/crates.io-index"
checksum = "50b7e5b27aa02a74bac8c3f23f448f8d87ff11f92d3aac1a6ed369ee08cc56c1"
dependencies = [
 "libc",
 "wasi",
 "windows-sys 0.61.2",
]

[[package]]
name = "moka"
version = "0.12.15"
source = "registry+https://github.com/rust-lang/crates.io-index"
checksum = "957228ad12042ee839f93c8f257b62b4c0ab5eaae1d4fa60de53b27c9d7c5046"
dependencies = [
 "async-lock",
 "crossbeam-channel",
 "crossbeam-epoch",
 "crossbeam-utils",
 "equivalent",
 "event-listener",
 "futures-util",
 "parking_lot",
 "portable-atomic",
 "smallvec",
 "tagptr",
 "uuid",
]

[[package]]
name = "moxcms"
version = "0.8.1"
source = "registry+https://github.com/rust-lang/crates.io-index"
checksum = "bb85c154ba489f01b25c0d36ae69a87e4a1c73a72631fc6c0eb6dde34a73e44b"
dependencies = [
 "num-traits",
 "pxfm",
]

[[package]]
name = "nom"
version = "7.1.3"
source = "registry+https://github.com/rust-lang/crates.io-index"
checksum = "d273983c5a657a70a3e8f2a01329822f3b8c8172b73826411a55751e404a0a4a"
dependencies = [
 "memchr",
 "minimal-lexical",
]

[[package]]
name = "num-traits"
version = "0.2.19"
source = "registry+https://github.com/rust-lang/crates.io-index"
checksum = "071dfc062690e90b734c0b2273ce72ad0ffa95f0c74596bc250dcfd960262841"
dependencies = [
 "autocfg",
]

[[package]]
name = "once_cell"
version = "1.21.4"
source = "registry+https://github.com/rust-lang/crates.io-index"
checksum = "9f7c3e4beb33f85d45ae3e3a1792185706c8e16d043238c593331cc7cd313b50"

[[package]]
name = "once_cell_polyfill"
version = "1.70.2"
source = "registry+https://github.com/rust-lang/crates.io-index"
checksum = "384b8ab6d37215f3c5301a95a4accb5d64aa607f1fcb26a11b5303878451b4fe"

[[package]]
name = "parking"
version = "2.2.1"
source = "registry+https://github.com/rust-lang/crates.io-index"
checksum = "f38d5652c16fde515bb1ecef450ab0f6a219d619a7274976324d5e377f7dceba"

[[package]]
name = "parking_lot"
version = "0.12.5"
source = "registry+https://github.com/rust-lang/crates.io-index"
checksum = "93857453250e3077bd71ff98b6a65ea6621a19bb0f559a85248955ac12c45a1a"
dependencies = [
 "lock_api",
 "parking_lot_core",
]

[[package]]
name = "parking_lot_core"
version = "0.9.12"
source = "registry+https://github.com/rust-lang/crates.io-index"
checksum = "2621685985a2ebf1c516881c026032ac7deafcda1a2c9b7850dc81e3dfcb64c1"
dependencies = [
 "cfg-if",
 "libc",
 "redox_syscall",
 "smallvec",
 "windows-link",
]

[[package]]
name = "percent-encoding"
version = "2.3.2"
source = "registry+https://github.com/rust-lang/crates.io-index"
checksum = "9b4f627cb1b25917193a259e49bdad08f671f8d9708acfd5fe0a8c1455d87220"

[[package]]
name = "pin-project"
version = "1.1.11"
source = "registry+https://github.com/rust-lang/crates.io-index"
checksum = "f1749c7ed4bcaf4c3d0a3efc28538844fb29bcdd7d2b67b2be7e20ba861ff517"
dependencies = [
 "pin-project-internal",
]

[[package]]
name = "pin-project-internal"
version = "1.1.11"
source = "registry+https://github.com/rust-lang/crates.io-index"
checksum = "d9b20ed30f105399776b9c883e68e536ef602a16ae6f596d2c473591d6ad64c6"
dependencies = [
 "proc-macro2",
 "quote",
 "syn",
]

[[package]]
name = "pin-project-lite"
version = "0.2.17"
source = "registry+https://github.com/rust-lang/crates.io-index"
checksum = "a89322df9ebe1c1578d689c92318e070967d1042b512afbe49518723f4e6d5cd"

[[package]]
name = "png"
version = "0.18.1"
source = "registry+https://github.com/rust-lang/crates.io-index"
checksum = "60769b8b31b2a9f263dae2776c37b1b28ae246943cf719eb6946a1db05128a61"
dependencies = [
 "bitflags 2.11.0",
 "crc32fast",
 "fdeflate",
 "flate2",
 "miniz_oxide",
]

[[package]]
name = "portable-atomic"
version = "1.13.1"
source = "registry+https://github.com/rust-lang/crates.io-index"
checksum = "c33a9471896f1c69cecef8d20cbe2f7accd12527ce60845ff44c153bb2a21b49"

[[package]]
name = "prettyplease"
version = "0.2.37"
source = "registry+https://github.com/rust-lang/crates.io-index"
checksum = "479ca8adacdd7ce8f1fb39ce9ecccbfe93a3f1344b3d0d97f20bc0196208f62b"
dependencies = [
 "proc-macro2",
 "syn",
]

[[package]]
name = "proc-macro2"
version = "1.0.106"
source = "registry+https://github.com/rust-lang/crates.io-index"
checksum = "8fd00f0bb2e90d81d1044c2b32617f68fcb9fa3bb7640c23e9c748e53fb30934"
dependencies = [
 "unicode-ident",
]

[[package]]
name = "pxfm"
version = "0.1.28"
source = "registry+https://github.com/rust-lang/crates.io-index"
checksum = "b5a041e753da8b807c9255f28de81879c78c876392ff2469cde94799b2896b9d"

[[package]]
name = "quote"
version = "1.0.45"
source = "registry+https://github.com/rust-lang/crates.io-index"
checksum = "41f2619966050689382d2b44f664f4bc593e129785a36d6ee376ddf37259b924"
dependencies = [
 "proc-macro2",
]

[[package]]
name = "r-efi"
version = "6.0.0"
source = "registry+https://github.com/rust-lang/crates.io-index"
checksum = "f8dcc9c7d52a811697d2151c701e0d08956f92b0e24136cf4cf27b57a6a0d9bf"

[[package]]
name = "redox_syscall"
version = "0.5.18"
source = "registry+https://github.com/rust-lang/crates.io-index"
checksum = "ed2bf2547551a7053d6fdfafda3f938979645c44812fbfcda098faae3f1a362d"
dependencies = [
 "bitflags 2.11.0",
]

[[package]]
name = "ron"
version = "0.8.1"
source = "registry+https://github.com/rust-lang/crates.io-index"
checksum = "b91f7eff05f748767f183df4320a63d6936e9c6107d97c9e6bdd9784f4289c94"
dependencies = [
 "base64",
 "bitflags 2.11.0",
 "serde",
 "serde_derive",
]

[[package]]
name = "rustversion"
version = "1.0.22"
source = "registry+https://github.com/rust-lang/crates.io-index"
checksum = "b39cdef0fa800fc44525c84ccb54a029961a8215f9619753635a9c0d2538d46d"

[[package]]
name = "ryu"
version = "1.0.23"
source = "registry+https://github.com/rust-lang/crates.io-index"
checksum = "9774ba4a74de5f7b1c1451ed6cd5285a32eddb5cccb8cc655a4e50009e06477f"

[[package]]
name = "satymathbot"
version = "0.1.0"
dependencies = [
 "anyhow",
 "askama",
 "axum",
 "base64",
 "clap",
 "futures",
 "hyper",
 "hyperlocal",
 "image",
 "moka",
 "nom",
 "ron",
 "serde",
 "tokio",
 "tracing",
 "tracing-subscriber",
]

[[package]]
name = "scopeguard"
version = "1.2.0"
source = "registry+https://github.com/rust-lang/crates.io-index"
checksum = "94143f37725109f92c262ed2cf5e59bce7498c01bcc1502d7b9afe439a4e9f49"

[[package]]
name = "semver"
version = "1.0.27"
source = "registry+https://github.com/rust-lang/crates.io-index"
checksum = "d767eb0aabc880b29956c35734170f26ed551a859dbd361d140cdbeca61ab1e2"

[[package]]
name = "serde"
version = "1.0.228"
source = "registry+https://github.com/rust-lang/crates.io-index"
checksum = "9a8e94ea7f378bd32cbbd37198a4a91436180c5bb472411e48b5ec2e2124ae9e"
dependencies = [
 "serde_core",
 "serde_derive",
]

[[package]]
name = "serde_core"
version = "1.0.228"
source = "registry+https://github.com/rust-lang/crates.io-index"
checksum = "41d385c7d4ca58e59fc732af25c3983b67ac852c1a25000afe1175de458b67ad"
dependencies = [
 "serde_derive",
]

[[package]]
name = "serde_derive"
version = "1.0.228"
source = "registry+https://github.com/rust-lang/crates.io-index"
checksum = "d540f220d3187173da220f885ab66608367b6574e925011a9353e4badda91d79"
dependencies = [
 "proc-macro2",
 "quote",
 "syn",
]

[[package]]
name = "serde_json"
version = "1.0.149"
source = "registry+https://github.com/rust-lang/crates.io-index"
checksum = "83fc039473c5595ace860d8c4fafa220ff474b3fc6bfdb4293327f1a37e94d86"
dependencies = [
 "itoa",
 "memchr",
 "serde",
 "serde_core",
 "zmij",
]

[[package]]
name = "serde_path_to_error"
version = "0.1.20"
source = "registry+https://github.com/rust-lang/crates.io-index"
checksum = "10a9ff822e371bb5403e391ecd83e182e0e77ba7f6fe0160b795797109d1b457"
dependencies = [
 "itoa",
 "serde",
 "serde_core",
]

[[package]]
name = "serde_urlencoded"
version = "0.7.1"
source = "registry+https://github.com/rust-lang/crates.io-index"
checksum = "d3491c14715ca2294c4d6a88f15e84739788c1d030eed8c110436aafdaa2f3fd"
dependencies = [
 "form_urlencoded",
 "itoa",
 "ryu",
 "serde",
]

[[package]]
name = "sharded-slab"
version = "0.1.7"
source = "registry+https://github.com/rust-lang/crates.io-index"
checksum = "f40ca3c46823713e0d4209592e8d6e826aa57e928f09752619fc696c499637f6"
dependencies = [
 "lazy_static",
]

[[package]]
name = "signal-hook-registry"
version = "1.4.8"
source = "registry+https://github.com/rust-lang/crates.io-index"
checksum = "c4db69cba1110affc0e9f7bcd48bbf87b3f4fc7c61fc9155afd4c469eb3d6c1b"
dependencies = [
 "errno",
 "libc",
]

[[package]]
name = "simd-adler32"
version = "0.3.9"
source = "registry+https://github.com/rust-lang/crates.io-index"
checksum = "703d5c7ef118737c72f1af64ad2f6f8c5e1921f818cdcb97b8fe6fc69bf66214"

[[package]]
name = "slab"
version = "0.4.12"
source = "registry+https://github.com/rust-lang/crates.io-index"
checksum = "0c790de23124f9ab44544d7ac05d60440adc586479ce501c1d6d7da3cd8c9cf5"

[[package]]
name = "smallvec"
version = "1.15.1"
source = "registry+https://github.com/rust-lang/crates.io-index"
checksum = "67b1b7a3b5fe4f1376887184045fcf45c69e92af734b7aaddc05fb777b6fbd03"

[[package]]
name = "socket2"
version = "0.5.10"
source = "registry+https://github.com/rust-lang/crates.io-index"
checksum = "e22376abed350d73dd1cd119b57ffccad95b4e585a7cda43e286245ce23c0678"
dependencies = [
 "libc",
 "windows-sys 0.52.0",
]

[[package]]
name = "socket2"
version = "0.6.3"
source = "registry+https://github.com/rust-lang/crates.io-index"
checksum = "3a766e1110788c36f4fa1c2b71b387a7815aa65f88ce0229841826633d93723e"
dependencies = [
 "libc",
 "windows-sys 0.61.2",
]

[[package]]
name = "strsim"
version = "0.11.1"
source = "registry+https://github.com/rust-lang/crates.io-index"
checksum = "7da8b5736845d9f2fcb837ea5d9e2628564b3b043a70948a3f0b778838c5fb4f"

[[package]]
name = "syn"
version = "2.0.117"
source = "registry+https://github.com/rust-lang/crates.io-index"
checksum = "e665b8803e7b1d2a727f4023456bbbbe74da67099c585258af0ad9c5013b9b99"
dependencies = [
 "proc-macro2",
 "quote",
 "unicode-ident",
]

[[package]]
name = "sync_wrapper"
version = "0.1.2"
source = "registry+https://github.com/rust-lang/crates.io-index"
checksum = "2047c6ded9c721764247e62cd3b03c09ffc529b2ba5b10ec482ae507a4a70160"

[[package]]
name = "tagptr"
version = "0.2.0"
source = "registry+https://github.com/rust-lang/crates.io-index"
checksum = "7b2093cf4c8eb1e67749a6762251bc9cd836b6fc171623bd0a9d324d37af2417"

[[package]]
name = "thread_local"
version = "1.1.9"
source = "registry+https://github.com/rust-lang/crates.io-index"
checksum = "f60246a4944f24f6e018aa17cdeffb7818b76356965d03b07d6a9886e8962185"
dependencies = [
 "cfg-if",
]

[[package]]
name = "tokio"
version = "1.50.0"
source = "registry+https://github.com/rust-lang/crates.io-index"
checksum = "27ad5e34374e03cfffefc301becb44e9dc3c17584f414349ebe29ed26661822d"
dependencies = [
 "bytes",
 "libc",
 "mio",
 "pin-project-lite",
 "signal-hook-registry",
 "socket2 0.6.3",
 "tokio-macros",
 "windows-sys 0.61.2",
]

[[package]]
name = "tokio-macros"
version = "2.6.1"
source = "registry+https://github.com/rust-lang/crates.io-index"
checksum = "5c55a2eff8b69ce66c84f85e1da1c233edc36ceb85a2058d11b0d6a3c7e7569c"
dependencies = [
 "proc-macro2",
 "quote",
 "syn",
]

[[package]]
name = "tower"
version = "0.4.13"
source = "registry+https://github.com/rust-lang/crates.io-index"
checksum = "b8fa9be0de6cf49e536ce1851f987bd21a43b771b09473c3549a6c853db37c1c"
dependencies = [
 "futures-core",
 "futures-util",
 "pin-project",
 "pin-project-lite",
 "tokio",
 "tower-layer",
 "tower-service",
 "tracing",
]

[[package]]
name = "tower-layer"
version = "0.3.3"
source = "registry+https://github.com/rust-lang/crates.io-index"
checksum = "121c2a6cda46980bb0fcd1647ffaf6cd3fc79a013de288782836f6df9c48780e"

[[package]]
name = "tower-service"
version = "0.3.3"
source = "registry+https://github.com/rust-lang/crates.io-index"
checksum = "8df9b6e13f2d32c91b9bd719c00d1958837bc7dec474d94952798cc8e69eeec3"

[[package]]
name = "tracing"
version = "0.1.44"
source = "registry+https://github.com/rust-lang/crates.io-index"
checksum = "63e71662fa4b2a2c3a26f570f037eb95bb1f85397f3cd8076caed2f026a6d100"
dependencies = [
 "log",
 "pin-project-lite",
 "tracing-attributes",
 "tracing-core",
]

[[package]]
name = "tracing-attributes"
version = "0.1.31"
source = "registry+https://github.com/rust-lang/crates.io-index"
checksum = "7490cfa5ec963746568740651ac6781f701c9c5ea257c58e057f3ba8cf69e8da"
dependencies = [
 "proc-macro2",
 "quote",
 "syn",
]

[[package]]
name = "tracing-core"
version = "0.1.36"
source = "registry+https://github.com/rust-lang/crates.io-index"
checksum = "db97caf9d906fbde555dd62fa95ddba9eecfd14cb388e4f491a66d74cd5fb79a"
dependencies = [
 "once_cell",
]

[[package]]
name = "tracing-subscriber"
version = "0.3.23"
source = "registry+https://github.com/rust-lang/crates.io-index"
checksum = "cb7f578e5945fb242538965c2d0b04418d38ec25c79d160cd279bf0731c8d319"
dependencies = [
 "sharded-slab",
 "thread_local",
 "tracing-core",
]

[[package]]
name = "try-lock"
version = "0.2.5"
source = "registry+https://github.com/rust-lang/crates.io-index"
checksum = "e421abadd41a4225275504ea4d6566923418b7f05506fbc9c0fe86ba7396114b"

[[package]]
name = "unicase"
version = "2.9.0"
source = "registry+https://github.com/rust-lang/crates.io-index"
checksum = "dbc4bc3a9f746d862c45cb89d705aa10f187bb96c76001afab07a0d35ce60142"

[[package]]
name = "unicode-ident"
version = "1.0.24"
source = "registry+https://github.com/rust-lang/crates.io-index"
checksum = "e6e4313cd5fcd3dad5cafa179702e2b244f760991f45397d14d4ebf38247da75"

[[package]]
name = "unicode-xid"
version = "0.2.6"
source = "registry+https://github.com/rust-lang/crates.io-index"
checksum = "ebc1c04c71510c7f702b52b7c350734c9ff1295c464a03335b00bb84fc54f853"

[[package]]
name = "utf8parse"
version = "0.2.2"
source = "registry+https://github.com/rust-lang/crates.io-index"
checksum = "06abde3611657adf66d383f00b093d7faecc7fa57071cce2578660c9f1010821"

[[package]]
name = "uuid"
version = "1.23.0"
source = "registry+https://github.com/rust-lang/crates.io-index"
checksum = "5ac8b6f42ead25368cf5b098aeb3dc8a1a2c05a3eee8a9a1a68c640edbfc79d9"
dependencies = [
 "getrandom",
 "js-sys",
 "wasm-bindgen",
]

[[package]]
name = "want"
version = "0.3.1"
source = "registry+https://github.com/rust-lang/crates.io-index"
checksum = "bfa7760aed19e106de2c7c0b581b509f2f25d3dacaf737cb82ac61bc6d760b0e"
dependencies = [
 "try-lock",
]

[[package]]
name = "wasi"
version = "0.11.1+wasi-snapshot-preview1"
source = "registry+https://github.com/rust-lang/crates.io-index"
checksum = "ccf3ec651a847eb01de73ccad15eb7d99f80485de043efb2f370cd654f4ea44b"

[[package]]
name = "wasip2"
version = "1.0.2+wasi-0.2.9"
source = "registry+https://github.com/rust-lang/crates.io-index"
checksum = "9517f9239f02c069db75e65f174b3da828fe5f5b945c4dd26bd25d89c03ebcf5"
dependencies = [
 "wit-bindgen",
]

[[package]]
name = "wasip3"
version = "0.4.0+wasi-0.3.0-rc-2026-01-06"
source = "registry+https://github.com/rust-lang/crates.io-index"
checksum = "5428f8bf88ea5ddc08faddef2ac4a67e390b88186c703ce6dbd955e1c145aca5"
dependencies = [
 "wit-bindgen",
]

[[package]]
name = "wasm-bindgen"
version = "0.2.117"
source = "registry+https://github.com/rust-lang/crates.io-index"
checksum = "0551fc1bb415591e3372d0bc4780db7e587d84e2a7e79da121051c5c4b89d0b0"
dependencies = [
 "cfg-if",
 "once_cell",
 "rustversion",
 "wasm-bindgen-macro",
 "wasm-bindgen-shared",
]

[[package]]
name = "wasm-bindgen-macro"
version = "0.2.117"
source = "registry+https://github.com/rust-lang/crates.io-index"
checksum = "7fbdf9a35adf44786aecd5ff89b4563a90325f9da0923236f6104e603c7e86be"
dependencies = [
 "quote",
 "wasm-bindgen-macro-support",
]

[[package]]
name = "wasm-bindgen-macro-support"
version = "0.2.117"
source = "registry+https://github.com/rust-lang/crates.io-index"
checksum = "dca9693ef2bab6d4e6707234500350d8dad079eb508dca05530c85dc3a529ff2"
dependencies = [
 "bumpalo",
 "proc-macro2",
 "quote",
 "syn",
 "wasm-bindgen-shared",
]

[[package]]
name = "wasm-bindgen-shared"
version = "0.2.117"
source = "registry+https://github.com/rust-lang/crates.io-index"
checksum = "39129a682a6d2d841b6c429d0c51e5cb0ed1a03829d8b3d1e69a011e62cb3d3b"
dependencies = [
 "unicode-ident",
]

[[package]]
name = "wasm-encoder"
version = "0.244.0"
source = "registry+https://github.com/rust-lang/crates.io-index"
checksum = "990065f2fe63003fe337b932cfb5e3b80e0b4d0f5ff650e6985b1048f62c8319"
dependencies = [
 "leb128fmt",
 "wasmparser",
]

[[package]]
name = "wasm-metadata"
version = "0.244.0"
source = "registry+https://github.com/rust-lang/crates.io-index"
checksum = "bb0e353e6a2fbdc176932bbaab493762eb1255a7900fe0fea1a2f96c296cc909"
dependencies = [
 "anyhow",
 "indexmap",
 "wasm-encoder",
 "wasmparser",
]

[[package]]
name = "wasmparser"
version = "0.244.0"
source = "registry+https://github.com/rust-lang/crates.io-index"
checksum = "47b807c72e1bac69382b3a6fb3dbe8ea4c0ed87ff5629b8685ae6b9a611028fe"
dependencies = [
 "bitflags 2.11.0",
 "hashbrown 0.15.5",
 "indexmap",
 "semver",
]

[[package]]
name = "windows-link"
version = "0.2.1"
source = "registry+https://github.com/rust-lang/crates.io-index"
checksum = "f0805222e57f7521d6a62e36fa9163bc891acd422f971defe97d64e70d0a4fe5"

[[package]]
name = "windows-sys"
version = "0.52.0"
source = "registry+https://github.com/rust-lang/crates.io-index"
checksum = "282be5f36a8ce781fad8c8ae18fa3f9beff57ec1b52cb3de0789201425d9a33d"
dependencies = [
 "windows-targets",
]

[[package]]
name = "windows-sys"
version = "0.61.2"
source = "registry+https://github.com/rust-lang/crates.io-index"
checksum = "ae137229bcbd6cdf0f7b80a31df61766145077ddf49416a728b02cb3921ff3fc"
dependencies = [
 "windows-link",
]

[[package]]
name = "windows-targets"
version = "0.52.6"
source = "registry+https://github.com/rust-lang/crates.io-index"
checksum = "9b724f72796e036ab90c1021d4780d4d3d648aca59e491e6b98e725b84e99973"
dependencies = [
 "windows_aarch64_gnullvm",
 "windows_aarch64_msvc",
 "windows_i686_gnu",
 "windows_i686_gnullvm",
 "windows_i686_msvc",
 "windows_x86_64_gnu",
 "windows_x86_64_gnullvm",
 "windows_x86_64_msvc",
]

[[package]]
name = "windows_aarch64_gnullvm"
version = "0.52.6"
source = "registry+https://github.com/rust-lang/crates.io-index"
checksum = "32a4622180e7a0ec044bb555404c800bc9fd9ec262ec147edd5989ccd0c02cd3"

[[package]]
name = "windows_aarch64_msvc"
version = "0.52.6"
source = "registry+https://github.com/rust-lang/crates.io-index"
checksum = "09ec2a7bb152e2252b53fa7803150007879548bc709c039df7627cabbd05d469"

[[package]]
name = "windows_i686_gnu"
version = "0.52.6"
source = "registry+https://github.com/rust-lang/crates.io-index"
checksum = "8e9b5ad5ab802e97eb8e295ac6720e509ee4c243f69d781394014ebfe8bbfa0b"

[[package]]
name = "windows_i686_gnullvm"
version = "0.52.6"
source = "registry+https://github.com/rust-lang/crates.io-index"
checksum = "0eee52d38c090b3caa76c563b86c3a4bd71ef1a819287c19d586d7334ae8ed66"

[[package]]
name = "windows_i686_msvc"
version = "0.52.6"
source = "registry+https://github.com/rust-lang/crates.io-index"
checksum = "240948bc05c5e7c6dabba28bf89d89ffce3e303022809e73deaefe4f6ec56c66"

[[package]]
name = "windows_x86_64_gnu"
version = "0.52.6"
source = "registry+https://github.com/rust-lang/crates.io-index"
checksum = "147a5c80aabfbf0c7d901cb5895d1de30ef2907eb21fbbab29ca94c5b08b1a78"

[[package]]
name = "windows_x86_64_gnullvm"
version = "0.52.6"
source = "registry+https://github.com/rust-lang/crates.io-index"
checksum = "24d5b23dc417412679681396f2b49f3de8c1473deb516bd34410872eff51ed0d"

[[package]]
name = "windows_x86_64_msvc"
version = "0.52.6"
source = "registry+https://github.com/rust-lang/crates.io-index"
checksum = "589f6da84c646204747d1270a2a5661ea66ed1cced2631d546fdfb155959f9ec"

[[package]]
name = "wit-bindgen"
version = "0.51.0"
source = "registry+https://github.com/rust-lang/crates.io-index"
checksum = "d7249219f66ced02969388cf2bb044a09756a083d0fab1e566056b04d9fbcaa5"
dependencies = [
 "wit-bindgen-rust-macro",
]

[[package]]
name = "wit-bindgen-core"
version = "0.51.0"
source = "registry+https://github.com/rust-lang/crates.io-index"
checksum = "ea61de684c3ea68cb082b7a88508a8b27fcc8b797d738bfc99a82facf1d752dc"
dependencies = [
 "anyhow",
 "heck",
 "wit-parser",
]

[[package]]
name = "wit-bindgen-rust"
version = "0.51.0"
source = "registry+https://github.com/rust-lang/crates.io-index"
checksum = "b7c566e0f4b284dd6561c786d9cb0142da491f46a9fbed79ea69cdad5db17f21"
dependencies = [
 "anyhow",
 "heck",
 "indexmap",
 "prettyplease",
 "syn",
 "wasm-metadata",
 "wit-bindgen-core",
 "wit-component",
]

[[package]]
name = "wit-bindgen-rust-macro"
version = "0.51.0"
source = "registry+https://github.com/rust-lang/crates.io-index"
checksum = "0c0f9bfd77e6a48eccf51359e3ae77140a7f50b1e2ebfe62422d8afdaffab17a"
dependencies = [
 "anyhow",
 "prettyplease",
 "proc-macro2",
 "quote",
 "syn",
 "wit-bindgen-core",
 "wit-bindgen-rust",
]

[[package]]
name = "wit-component"
version = "0.244.0"
source = "registry+https://github.com/rust-lang/crates.io-index"
checksum = "9d66ea20e9553b30172b5e831994e35fbde2d165325bec84fc43dbf6f4eb9cb2"
dependencies = [
 "anyhow",
 "bitflags 2.11.0",
 "indexmap",
 "log",
 "serde",
 "serde_derive",
 "serde_json",
 "wasm-encoder",
 "wasm-metadata",
 "wasmparser",
 "wit-parser",
]

[[package]]
name = "wit-parser"
version = "0.244.0"
source = "registry+https://github.com/rust-lang/crates.io-index"
checksum = "ecc8ac4bc1dc3381b7f59c34f00b67e18f910c2c0f50015669dde7def656a736"
dependencies = [
 "anyhow",
 "id-arena",
 "indexmap",
 "log",
 "semver",
 "serde",
 "serde_derive",
 "serde_json",
 "unicode-xid",
 "wasmparser",
]

[[package]]
name = "zmij"
version = "1.0.21"
source = "registry+https://github.com/rust-lang/crates.io-index"
checksum = "b8848ee67ecc8aedbaf3e4122217aff892639231befc6a1b58d29fff4c2cabaa"

[[package]]
name = "zune-core"
version = "0.5.1"
source = "registry+https://github.com/rust-lang/crates.io-index"
checksum = "cb8a0807f7c01457d0379ba880ba6322660448ddebc890ce29bb64da71fb40f9"

[[package]]
name = "zune-jpeg"
version = "0.5.15"
source = "registry+https://github.com/rust-lang/crates.io-index"
checksum = "27bc9d5b815bc103f142aa054f561d9187d191692ec7c2d1e2b4737f8dbd7296"
dependencies = [
 "zune-core",
]
